
Microsoft Visual Studio Solution File, Format Version 12.00
# Visual Studio Version 16
VisualStudioVersion = 16.0.33927.289
MinimumVisualStudioVersion = 10.0.40219.1
Project("{FAE04EC0-301F-11D3-BF4B-00C04F79EFBC}") = "Nayttotyo", "Nayttotyo\Nayttotyo.csproj", "{BD14988C-352B-431C-B2C1-DBE20E3FC60A}"
EndProject
Global
	GlobalSection(SolutionConfigurationPlatforms) = preSolution
		Debug|Any CPU = Debug|Any CPU
		Release|Any CPU = Release|Any CPU
	EndGlobalSection
	GlobalSection(ProjectConfigurationPlatforms) = postSolution
		{BD14988C-352B-431C-B2C1-DBE20E3FC60A}.Debug|Any CPU.ActiveCfg = Debug|Any CPU
		{BD14988C-352B-431C-B2C1-DBE20E3FC60A}.Debug|Any CPU.Build.0 = Debug|Any CPU
		{BD14988C-352B-431C-B2C1-DBE20E3FC60A}.Release|Any CPU.ActiveCfg = Release|Any CPU
		{BD14988C-352B-431C-B2C1-DBE20E3FC60A}.Release|Any CPU.Build.0 = Release|Any CPU
	EndGlobalSection
	GlobalSection(SolutionProperties) = preSolution
		HideSolutionNode = FALSE
	EndGlobalSection
	GlobalSection(ExtensibilityGlobals) = postSolution
		SolutionGuid = {0B904DF2-D7E2-4545-8DB1-BCD904D33577}
	EndGlobalSection
EndGlobal
